
Microsoft Visual Studio Solution File, Format Version 12.00
# Visual Studio Version 17
VisualStudioVersion = 17.2.32519.379
MinimumVisualStudioVersion = 10.0.40219.1
Project("{FAE04EC0-301F-11D3-BF4B-00C04F79EFBC}") = "JwtExample", "JwtExample\JwtExample.csproj", "{B10580EB-541F-4B79-B13B-11B5DF443294}"
EndProject
Global
	GlobalSection(SolutionConfigurationPlatforms) = preSolution
		Debug|Any CPU = Debug|Any CPU
		Release|Any CPU = Release|Any CPU
	EndGlobalSection
	GlobalSection(ProjectConfigurationPlatforms) = postSolution
		{B10580EB-541F-4B79-B13B-11B5DF443294}.Debug|Any CPU.ActiveCfg = Debug|Any CPU
		{B10580EB-541F-4B79-B13B-11B5DF443294}.Debug|Any CPU.Build.0 = Debug|Any CPU
		{B10580EB-541F-4B79-B13B-11B5DF443294}.Release|Any CPU.ActiveCfg = Release|Any CPU
		{B10580EB-541F-4B79-B13B-11B5DF443294}.Release|Any CPU.Build.0 = Release|Any CPU
	EndGlobalSection
	GlobalSection(SolutionProperties) = preSolution
		HideSolutionNode = FALSE
	EndGlobalSection
	GlobalSection(ExtensibilityGlobals) = postSolution
		SolutionGuid = {052D68B8-7D19-40AA-9420-7293BB97EB4D}
	EndGlobalSection
EndGlobal
